
Microsoft Visual Studio Solution File, Format Version 12.00
# Visual Studio Version 17
VisualStudioVersion = 17.1.32210.238
MinimumVisualStudioVersion = 10.0.40219.1
Project("{9A19103F-16F7-4668-BE54-9A1E7A4F7556}") = "AspCore_Course", "AspCore_Course\AspCore_Course.csproj", "{59E6EDFE-8FE1-415D-A101-6F9E3AC5F8ED}"
EndProject
Global
	GlobalSection(SolutionConfigurationPlatforms) = preSolution
		Debug|Any CPU = Debug|Any CPU
		Release|Any CPU = Release|Any CPU
	EndGlobalSection
	GlobalSection(ProjectConfigurationPlatforms) = postSolution
		{59E6EDFE-8FE1-415D-A101-6F9E3AC5F8ED}.Debug|Any CPU.ActiveCfg = Debug|Any CPU
		{59E6EDFE-8FE1-415D-A101-6F9E3AC5F8ED}.Debug|Any CPU.Build.0 = Debug|Any CPU
		{59E6EDFE-8FE1-415D-A101-6F9E3AC5F8ED}.Release|Any CPU.ActiveCfg = Release|Any CPU
		{59E6EDFE-8FE1-415D-A101-6F9E3AC5F8ED}.Release|Any CPU.Build.0 = Release|Any CPU
	EndGlobalSection
	GlobalSection(SolutionProperties) = preSolution
		HideSolutionNode = FALSE
	EndGlobalSection
	GlobalSection(ExtensibilityGlobals) = postSolution
		SolutionGuid = {0780F718-2FE5-4470-B582-1697DA18189B}
	EndGlobalSection
EndGlobal
